// !$*UTF8*$!
{
	archiveVersion = 1;
	classes = {
	};
	objectVersion = 56;
	objects = {

/* Begin PBXBuildFile section */
		620C81192BDBB4A800CE2B96 /* AppO11yDemoApp.swift in Sources */ = {isa = PBXBuildFile; fileRef = 620C81182BDBB4A800CE2B96 /* AppO11yDemoApp.swift */; };
		620C811B2BDBB4A800CE2B96 /* ContentView.swift in Sources */ = {isa = PBXBuildFile; fileRef = 620C811A2BDBB4A800CE2B96 /* ContentView.swift */; };
		620C811D2BDBB4A900CE2B96 /* Assets.xcassets in Resources */ = {isa = PBXBuildFile; fileRef = 620C811C2BDBB4A900CE2B96 /* Assets.xcassets */; };
		620C81202BDBB4A900CE2B96 /* Preview Assets.xcassets in Resources */ = {isa = PBXBuildFile; fileRef = 620C811F2BDBB4A900CE2B96 /* Preview Assets.xcassets */; };
		620C812A2BDBB4A900CE2B96 /* AppO11yDemoTests.swift in Sources */ = {isa = PBXBuildFile; fileRef = 620C81292BDBB4A900CE2B96 /* AppO11yDemoTests.swift */; };
		620C81342BDBB4A900CE2B96 /* AppO11yDemoUITests.swift in Sources */ = {isa = PBXBuildFile; fileRef = 620C81332BDBB4A900CE2B96 /* AppO11yDemoUITests.swift */; };
		620C81362BDBB4A900CE2B96 /* AppO11yDemoUITestsLaunchTests.swift in Sources */ = {isa = PBXBuildFile; fileRef = 620C81352BDBB4A900CE2B96 /* AppO11yDemoUITestsLaunchTests.swift */; };
		622081F92BDF6B3600413D9C /* OpenTelemetryApi in Frameworks */ = {isa = PBXBuildFile; productRef = 622081F82BDF6B3600413D9C /* OpenTelemetryApi */; };
		622081FB2BDF6B3700413D9C /* OpenTelemetryProtocolExporterHTTP in Frameworks */ = {isa = PBXBuildFile; productRef = 622081FA2BDF6B3700413D9C /* OpenTelemetryProtocolExporterHTTP */; };
		622081FD2BDF6B3700413D9C /* OpenTelemetrySdk in Frameworks */ = {isa = PBXBuildFile; productRef = 622081FC2BDF6B3700413D9C /* OpenTelemetrySdk */; };
		622081FF2BDF6B3700413D9C /* ResourceExtension in Frameworks */ = {isa = PBXBuildFile; productRef = 622081FE2BDF6B3700413D9C /* ResourceExtension */; };
		622082012BDF6B3700413D9C /* StdoutExporter in Frameworks */ = {isa = PBXBuildFile; productRef = 622082002BDF6B3700413D9C /* StdoutExporter */; };
		622082032BDF6B3700413D9C /* URLSessionInstrumentation in Frameworks */ = {isa = PBXBuildFile; productRef = 622082022BDF6B3700413D9C /* URLSessionInstrumentation */; };
		622082072BDF9C3300413D9C /* CoffeeListView.swift in Sources */ = {isa = PBXBuildFile; fileRef = 622082062BDF9C3300413D9C /* CoffeeListView.swift */; };
		6220820A2BDF9C6B00413D9C /* CoffeeListViewModel.swift in Sources */ = {isa = PBXBuildFile; fileRef = 622082092BDF9C6B00413D9C /* CoffeeListViewModel.swift */; };
		6220820D2BDF9C9900413D9C /* Coffee.swift in Sources */ = {isa = PBXBuildFile; fileRef = 6220820C2BDF9C9900413D9C /* Coffee.swift */; };
		622082102BDF9D3000413D9C /* CoffeeService.swift in Sources */ = {isa = PBXBuildFile; fileRef = 6220820F2BDF9D3000413D9C /* CoffeeService.swift */; };
		622082122BDF9D7100413D9C /* ApiError.swift in Sources */ = {isa = PBXBuildFile; fileRef = 622082112BDF9D7100413D9C /* ApiError.swift */; };
		622082152BDFA46500413D9C /* InjectedValues.swift in Sources */ = {isa = PBXBuildFile; fileRef = 622082142BDFA46500413D9C /* InjectedValues.swift */; };
		622082172BDFB7EB00413D9C /* CoffeeDetailView.swift in Sources */ = {isa = PBXBuildFile; fileRef = 622082162BDFB7EB00413D9C /* CoffeeDetailView.swift */; };
		6220821C2BDFBE3A00413D9C /* OTelConfig.swift in Sources */ = {isa = PBXBuildFile; fileRef = 6220821B2BDFBE3A00413D9C /* OTelConfig.swift */; };
		6220821E2BDFBEDA00413D9C /* OTelAuthProvider.swift in Sources */ = {isa = PBXBuildFile; fileRef = 6220821D2BDFBEDA00413D9C /* OTelAuthProvider.swift */; };
		622082202BDFC07E00413D9C /* OTelResourceProvider.swift in Sources */ = {isa = PBXBuildFile; fileRef = 6220821F2BDFC07E00413D9C /* OTelResourceProvider.swift */; };
		622082222BDFC15800413D9C /* OTelTraces.swift in Sources */ = {isa = PBXBuildFile; fileRef = 622082212BDFC15800413D9C /* OTelTraces.swift */; };
		622082242BDFCEA200413D9C /* OTelLogs.swift in Sources */ = {isa = PBXBuildFile; fileRef = 622082232BDFCEA200413D9C /* OTelLogs.swift */; };
		622082262BE0464C00413D9C /* CoffeeDetailViewModel.swift in Sources */ = {isa = PBXBuildFile; fileRef = 622082252BE0464C00413D9C /* CoffeeDetailViewModel.swift */; };
		622082282BE047AD00413D9C /* CoffeeBrewingService.swift in Sources */ = {isa = PBXBuildFile; fileRef = 622082272BE047AD00413D9C /* CoffeeBrewingService.swift */; };
		6220822A2BE0CF6600413D9C /* BrewingCoffee.swift in Sources */ = {isa = PBXBuildFile; fileRef = 622082292BE0CF6600413D9C /* BrewingCoffee.swift */; };
		6220822C2BE0CFBA00413D9C /* BrewingCoffeeViewModel.swift in Sources */ = {isa = PBXBuildFile; fileRef = 6220822B2BE0CFBA00413D9C /* BrewingCoffeeViewModel.swift */; };
		6220822E2BE0DD3700413D9C /* CoffeeBrewingStatus.swift in Sources */ = {isa = PBXBuildFile; fileRef = 6220822D2BE0DD3700413D9C /* CoffeeBrewingStatus.swift */; };
/* End PBXBuildFile section */

/* Begin PBXContainerItemProxy section */
		620C81262BDBB4A900CE2B96 /* PBXContainerItemProxy */ = {
			isa = PBXContainerItemProxy;
			containerPortal = 620C810D2BDBB4A800CE2B96 /* Project object */;
			proxyType = 1;
			remoteGlobalIDString = 620C81142BDBB4A800CE2B96;
			remoteInfo = AppO11yDemo;
		};
		620C81302BDBB4A900CE2B96 /* PBXContainerItemProxy */ = {
			isa = PBXContainerItemProxy;
			containerPortal = 620C810D2BDBB4A800CE2B96 /* Project object */;
			proxyType = 1;
			remoteGlobalIDString = 620C81142BDBB4A800CE2B96;
			remoteInfo = AppO11yDemo;
		};
/* End PBXContainerItemProxy section */

/* Begin PBXFileReference section */
		620C81152BDBB4A800CE2B96 /* AppO11yDemo.app */ = {isa = PBXFileReference; explicitFileType = wrapper.application; includeInIndex = 0; path = AppO11yDemo.app; sourceTree = BUILT_PRODUCTS_DIR; };
		620C81182BDBB4A800CE2B96 /* AppO11yDemoApp.swift */ = {isa = PBXFileReference; lastKnownFileType = sourcecode.swift; path = AppO11yDemoApp.swift; sourceTree = "<group>"; };
		620C811A2BDBB4A800CE2B96 /* ContentView.swift */ = {isa = PBXFileReference; lastKnownFileType = sourcecode.swift; path = ContentView.swift; sourceTree = "<group>"; };
		620C811C2BDBB4A900CE2B96 /* Assets.xcassets */ = {isa = PBXFileReference; lastKnownFileType = folder.assetcatalog; path = Assets.xcassets; sourceTree = "<group>"; };
		620C811F2BDBB4A900CE2B96 /* Preview Assets.xcassets */ = {isa = PBXFileReference; lastKnownFileType = folder.assetcatalog; path = "Preview Assets.xcassets"; sourceTree = "<group>"; };
		620C81252BDBB4A900CE2B96 /* AppO11yDemoTests.xctest */ = {isa = PBXFileReference; explicitFileType = wrapper.cfbundle; includeInIndex = 0; path = AppO11yDemoTests.xctest; sourceTree = BUILT_PRODUCTS_DIR; };
		620C81292BDBB4A900CE2B96 /* AppO11yDemoTests.swift */ = {isa = PBXFileReference; lastKnownFileType = sourcecode.swift; path = AppO11yDemoTests.swift; sourceTree = "<group>"; };
		620C812F2BDBB4A900CE2B96 /* AppO11yDemoUITests.xctest */ = {isa = PBXFileReference; explicitFileType = wrapper.cfbundle; includeInIndex = 0; path = AppO11yDemoUITests.xctest; sourceTree = BUILT_PRODUCTS_DIR; };
		620C81332BDBB4A900CE2B96 /* AppO11yDemoUITests.swift */ = {isa = PBXFileReference; lastKnownFileType = sourcecode.swift; path = AppO11yDemoUITests.swift; sourceTree = "<group>"; };
		620C81352BDBB4A900CE2B96 /* AppO11yDemoUITestsLaunchTests.swift */ = {isa = PBXFileReference; lastKnownFileType = sourcecode.swift; path = AppO11yDemoUITestsLaunchTests.swift; sourceTree = "<group>"; };
		622082062BDF9C3300413D9C /* CoffeeListView.swift */ = {isa = PBXFileReference; lastKnownFileType = sourcecode.swift; path = CoffeeListView.swift; sourceTree = "<group>"; };
		622082092BDF9C6B00413D9C /* CoffeeListViewModel.swift */ = {isa = PBXFileReference; lastKnownFileType = sourcecode.swift; path = CoffeeListViewModel.swift; sourceTree = "<group>"; };
		6220820C2BDF9C9900413D9C /* Coffee.swift */ = {isa = PBXFileReference; lastKnownFileType = sourcecode.swift; path = Coffee.swift; sourceTree = "<group>"; };
		6220820F2BDF9D3000413D9C /* CoffeeService.swift */ = {isa = PBXFileReference; lastKnownFileType = sourcecode.swift; path = CoffeeService.swift; sourceTree = "<group>"; };
		622082112BDF9D7100413D9C /* ApiError.swift */ = {isa = PBXFileReference; lastKnownFileType = sourcecode.swift; path = ApiError.swift; sourceTree = "<group>"; };
		622082142BDFA46500413D9C /* InjectedValues.swift */ = {isa = PBXFileReference; lastKnownFileType = sourcecode.swift; path = InjectedValues.swift; sourceTree = "<group>"; };
		622082162BDFB7EB00413D9C /* CoffeeDetailView.swift */ = {isa = PBXFileReference; lastKnownFileType = sourcecode.swift; path = CoffeeDetailView.swift; sourceTree = "<group>"; };
		6220821B2BDFBE3A00413D9C /* OTelConfig.swift */ = {isa = PBXFileReference; lastKnownFileType = sourcecode.swift; path = OTelConfig.swift; sourceTree = "<group>"; };
		6220821D2BDFBEDA00413D9C /* OTelAuthProvider.swift */ = {isa = PBXFileReference; lastKnownFileType = sourcecode.swift; path = OTelAuthProvider.swift; sourceTree = "<group>"; };
		6220821F2BDFC07E00413D9C /* OTelResourceProvider.swift */ = {isa = PBXFileReference; lastKnownFileType = sourcecode.swift; path = OTelResourceProvider.swift; sourceTree = "<group>"; };
		622082212BDFC15800413D9C /* OTelTraces.swift */ = {isa = PBXFileReference; lastKnownFileType = sourcecode.swift; path = OTelTraces.swift; sourceTree = "<group>"; };
		622082232BDFCEA200413D9C /* OTelLogs.swift */ = {isa = PBXFileReference; lastKnownFileType = sourcecode.swift; path = OTelLogs.swift; sourceTree = "<group>"; };
		622082252BE0464C00413D9C /* CoffeeDetailViewModel.swift */ = {isa = PBXFileReference; lastKnownFileType = sourcecode.swift; path = CoffeeDetailViewModel.swift; sourceTree = "<group>"; };
		622082272BE047AD00413D9C /* CoffeeBrewingService.swift */ = {isa = PBXFileReference; lastKnownFileType = sourcecode.swift; path = CoffeeBrewingService.swift; sourceTree = "<group>"; };
		622082292BE0CF6600413D9C /* BrewingCoffee.swift */ = {isa = PBXFileReference; lastKnownFileType = sourcecode.swift; path = BrewingCoffee.swift; sourceTree = "<group>"; };
		6220822B2BE0CFBA00413D9C /* BrewingCoffeeViewModel.swift */ = {isa = PBXFileReference; lastKnownFileType = sourcecode.swift; path = BrewingCoffeeViewModel.swift; sourceTree = "<group>"; };
		6220822D2BE0DD3700413D9C /* CoffeeBrewingStatus.swift */ = {isa = PBXFileReference; lastKnownFileType = sourcecode.swift; path = CoffeeBrewingStatus.swift; sourceTree = "<group>"; };
/* End PBXFileReference section */

/* Begin PBXFrameworksBuildPhase section */
		620C81122BDBB4A800CE2B96 /* Frameworks */ = {
			isa = PBXFrameworksBuildPhase;
			buildActionMask = 2147483647;
			files = (
				622081FD2BDF6B3700413D9C /* OpenTelemetrySdk in Frameworks */,
				622082012BDF6B3700413D9C /* StdoutExporter in Frameworks */,
				622082032BDF6B3700413D9C /* URLSessionInstrumentation in Frameworks */,
				622081F92BDF6B3600413D9C /* OpenTelemetryApi in Frameworks */,
				622081FF2BDF6B3700413D9C /* ResourceExtension in Frameworks */,
				622081FB2BDF6B3700413D9C /* OpenTelemetryProtocolExporterHTTP in Frameworks */,
			);
			runOnlyForDeploymentPostprocessing = 0;
		};
		620C81222BDBB4A900CE2B96 /* Frameworks */ = {
			isa = PBXFrameworksBuildPhase;
			buildActionMask = 2147483647;
			files = (
			);
			runOnlyForDeploymentPostprocessing = 0;
		};
		620C812C2BDBB4A900CE2B96 /* Frameworks */ = {
			isa = PBXFrameworksBuildPhase;
			buildActionMask = 2147483647;
			files = (
			);
			runOnlyForDeploymentPostprocessing = 0;
		};
/* End PBXFrameworksBuildPhase section */

/* Begin PBXGroup section */
		620C810C2BDBB4A800CE2B96 = {
			isa = PBXGroup;
			children = (
				620C81172BDBB4A800CE2B96 /* AppO11yDemo */,
				620C81282BDBB4A900CE2B96 /* AppO11yDemoTests */,
				620C81322BDBB4A900CE2B96 /* AppO11yDemoUITests */,
				620C81162BDBB4A800CE2B96 /* Products */,
			);
			sourceTree = "<group>";
		};
		620C81162BDBB4A800CE2B96 /* Products */ = {
			isa = PBXGroup;
			children = (
				620C81152BDBB4A800CE2B96 /* AppO11yDemo.app */,
				620C81252BDBB4A900CE2B96 /* AppO11yDemoTests.xctest */,
				620C812F2BDBB4A900CE2B96 /* AppO11yDemoUITests.xctest */,
			);
			name = Products;
			sourceTree = "<group>";
		};
		620C81172BDBB4A800CE2B96 /* AppO11yDemo */ = {
			isa = PBXGroup;
			children = (
				6220821A2BDFBE1900413D9C /* OpenTelemetry */,
				622082132BDFA44E00413D9C /* DependencyInjection */,
				6220820E2BDF9D0400413D9C /* Services */,
				6220820B2BDF9C8E00413D9C /* Models */,
				622082082BDF9C5100413D9C /* ViewModels */,
				622082042BDF9C1600413D9C /* Views */,
				620C81182BDBB4A800CE2B96 /* AppO11yDemoApp.swift */,
				620C811C2BDBB4A900CE2B96 /* Assets.xcassets */,
				620C811E2BDBB4A900CE2B96 /* Preview Content */,
			);
			path = AppO11yDemo;
			sourceTree = "<group>";
		};
		620C811E2BDBB4A900CE2B96 /* Preview Content */ = {
			isa = PBXGroup;
			children = (
				620C811F2BDBB4A900CE2B96 /* Preview Assets.xcassets */,
			);
			path = "Preview Content";
			sourceTree = "<group>";
		};
		620C81282BDBB4A900CE2B96 /* AppO11yDemoTests */ = {
			isa = PBXGroup;
			children = (
				620C81292BDBB4A900CE2B96 /* AppO11yDemoTests.swift */,
			);
			path = AppO11yDemoTests;
			sourceTree = "<group>";
		};
		620C81322BDBB4A900CE2B96 /* AppO11yDemoUITests */ = {
			isa = PBXGroup;
			children = (
				620C81332BDBB4A900CE2B96 /* AppO11yDemoUITests.swift */,
				620C81352BDBB4A900CE2B96 /* AppO11yDemoUITestsLaunchTests.swift */,
			);
			path = AppO11yDemoUITests;
			sourceTree = "<group>";
		};
		622082042BDF9C1600413D9C /* Views */ = {
			isa = PBXGroup;
			children = (
				620C811A2BDBB4A800CE2B96 /* ContentView.swift */,
				622082062BDF9C3300413D9C /* CoffeeListView.swift */,
				622082162BDFB7EB00413D9C /* CoffeeDetailView.swift */,
				622082292BE0CF6600413D9C /* BrewingCoffee.swift */,
			);
			path = Views;
			sourceTree = "<group>";
		};
		622082082BDF9C5100413D9C /* ViewModels */ = {
			isa = PBXGroup;
			children = (
				622082092BDF9C6B00413D9C /* CoffeeListViewModel.swift */,
				622082252BE0464C00413D9C /* CoffeeDetailViewModel.swift */,
				6220822B2BE0CFBA00413D9C /* BrewingCoffeeViewModel.swift */,
			);
			path = ViewModels;
			sourceTree = "<group>";
		};
		6220820B2BDF9C8E00413D9C /* Models */ = {
			isa = PBXGroup;
			children = (
				6220820C2BDF9C9900413D9C /* Coffee.swift */,
				622082112BDF9D7100413D9C /* ApiError.swift */,
				6220822D2BE0DD3700413D9C /* CoffeeBrewingStatus.swift */,
			);
			path = Models;
			sourceTree = "<group>";
		};
		6220820E2BDF9D0400413D9C /* Services */ = {
			isa = PBXGroup;
			children = (
				6220820F2BDF9D3000413D9C /* CoffeeService.swift */,
				622082272BE047AD00413D9C /* CoffeeBrewingService.swift */,
			);
			path = Services;
			sourceTree = "<group>";
		};
		622082132BDFA44E00413D9C /* DependencyInjection */ = {
			isa = PBXGroup;
			children = (
				622082142BDFA46500413D9C /* InjectedValues.swift */,
			);
			path = DependencyInjection;
			sourceTree = "<group>";
		};
		6220821A2BDFBE1900413D9C /* OpenTelemetry */ = {
			isa = PBXGroup;
			children = (
				6220821B2BDFBE3A00413D9C /* OTelConfig.swift */,
				6220821D2BDFBEDA00413D9C /* OTelAuthProvider.swift */,
				6220821F2BDFC07E00413D9C /* OTelResourceProvider.swift */,
				622082212BDFC15800413D9C /* OTelTraces.swift */,
				622082232BDFCEA200413D9C /* OTelLogs.swift */,
			);
			path = OpenTelemetry;
			sourceTree = "<group>";
		};
/* End PBXGroup section */

/* Begin PBXNativeTarget section */
		620C81142BDBB4A800CE2B96 /* AppO11yDemo */ = {
			isa = PBXNativeTarget;
			buildConfigurationList = 620C81392BDBB4A900CE2B96 /* Build configuration list for PBXNativeTarget "AppO11yDemo" */;
			buildPhases = (
				620C81112BDBB4A800CE2B96 /* Sources */,
				620C81122BDBB4A800CE2B96 /* Frameworks */,
				620C81132BDBB4A800CE2B96 /* Resources */,
			);
			buildRules = (
			);
			dependencies = (
			);
			name = AppO11yDemo;
			packageProductDependencies = (
				622081F82BDF6B3600413D9C /* OpenTelemetryApi */,
				622081FA2BDF6B3700413D9C /* OpenTelemetryProtocolExporterHTTP */,
				622081FC2BDF6B3700413D9C /* OpenTelemetrySdk */,
				622081FE2BDF6B3700413D9C /* ResourceExtension */,
				622082002BDF6B3700413D9C /* StdoutExporter */,
				622082022BDF6B3700413D9C /* URLSessionInstrumentation */,
			);
			productName = AppO11yDemo;
			productReference = 620C81152BDBB4A800CE2B96 /* AppO11yDemo.app */;
			productType = "com.apple.product-type.application";
		};
		620C81242BDBB4A900CE2B96 /* AppO11yDemoTests */ = {
			isa = PBXNativeTarget;
			buildConfigurationList = 620C813C2BDBB4A900CE2B96 /* Build configuration list for PBXNativeTarget "AppO11yDemoTests" */;
			buildPhases = (
				620C81212BDBB4A900CE2B96 /* Sources */,
				620C81222BDBB4A900CE2B96 /* Frameworks */,
				620C81232BDBB4A900CE2B96 /* Resources */,
			);
			buildRules = (
			);
			dependencies = (
				620C81272BDBB4A900CE2B96 /* PBXTargetDependency */,
			);
			name = AppO11yDemoTests;
			productName = AppO11yDemoTests;
			productReference = 620C81252BDBB4A900CE2B96 /* AppO11yDemoTests.xctest */;
			productType = "com.apple.product-type.bundle.unit-test";
		};
		620C812E2BDBB4A900CE2B96 /* AppO11yDemoUITests */ = {
			isa = PBXNativeTarget;
			buildConfigurationList = 620C813F2BDBB4A900CE2B96 /* Build configuration list for PBXNativeTarget "AppO11yDemoUITests" */;
			buildPhases = (
				620C812B2BDBB4A900CE2B96 /* Sources */,
				620C812C2BDBB4A900CE2B96 /* Frameworks */,
				620C812D2BDBB4A900CE2B96 /* Resources */,
			);
			buildRules = (
			);
			dependencies = (
				620C81312BDBB4A900CE2B96 /* PBXTargetDependency */,
			);
			name = AppO11yDemoUITests;
			productName = AppO11yDemoUITests;
			productReference = 620C812F2BDBB4A900CE2B96 /* AppO11yDemoUITests.xctest */;
			productType = "com.apple.product-type.bundle.ui-testing";
		};
/* End PBXNativeTarget section */

/* Begin PBXProject section */
		620C810D2BDBB4A800CE2B96 /* Project object */ = {
			isa = PBXProject;
			attributes = {
				BuildIndependentTargetsInParallel = 1;
				LastSwiftUpdateCheck = 1530;
				LastUpgradeCheck = 1530;
				TargetAttributes = {
					620C81142BDBB4A800CE2B96 = {
						CreatedOnToolsVersion = 15.3;
					};
					620C81242BDBB4A900CE2B96 = {
						CreatedOnToolsVersion = 15.3;
						TestTargetID = 620C81142BDBB4A800CE2B96;
					};
					620C812E2BDBB4A900CE2B96 = {
						CreatedOnToolsVersion = 15.3;
						TestTargetID = 620C81142BDBB4A800CE2B96;
					};
				};
			};
			buildConfigurationList = 620C81102BDBB4A800CE2B96 /* Build configuration list for PBXProject "AppO11yDemo" */;
			compatibilityVersion = "Xcode 14.0";
			developmentRegion = en;
			hasScannedForEncodings = 0;
			knownRegions = (
				en,
				Base,
			);
			mainGroup = 620C810C2BDBB4A800CE2B96;
			packageReferences = (
				622081F72BDF6B3600413D9C /* XCRemoteSwiftPackageReference "opentelemetry-swift" */,
			);
			productRefGroup = 620C81162BDBB4A800CE2B96 /* Products */;
			projectDirPath = "";
			projectRoot = "";
			targets = (
				620C81142BDBB4A800CE2B96 /* AppO11yDemo */,
				620C81242BDBB4A900CE2B96 /* AppO11yDemoTests */,
				620C812E2BDBB4A900CE2B96 /* AppO11yDemoUITests */,
			);
		};
/* End PBXProject section */

/* Begin PBXResourcesBuildPhase section */
		620C81132BDBB4A800CE2B96 /* Resources */ = {
			isa = PBXResourcesBuildPhase;
			buildActionMask = 2147483647;
			files = (
				620C81202BDBB4A900CE2B96 /* Preview Assets.xcassets in Resources */,
				620C811D2BDBB4A900CE2B96 /* Assets.xcassets in Resources */,
			);
			runOnlyForDeploymentPostprocessing = 0;
		};
		620C81232BDBB4A900CE2B96 /* Resources */ = {
			isa = PBXResourcesBuildPhase;
			buildActionMask = 2147483647;
			files = (
			);
			runOnlyForDeploymentPostprocessing = 0;
		};
		620C812D2BDBB4A900CE2B96 /* Resources */ = {
			isa = PBXResourcesBuildPhase;
			buildActionMask = 2147483647;
			files = (
			);
			runOnlyForDeploymentPostprocessing = 0;
		};
/* End PBXResourcesBuildPhase section */

/* Begin PBXSourcesBuildPhase section */
		620C81112BDBB4A800CE2B96 /* Sources */ = {
			isa = PBXSourcesBuildPhase;
			buildActionMask = 2147483647;
			files = (
				6220822A2BE0CF6600413D9C /* BrewingCoffee.swift in Sources */,
				622082122BDF9D7100413D9C /* ApiError.swift in Sources */,
				622082282BE047AD00413D9C /* CoffeeBrewingService.swift in Sources */,
				6220820A2BDF9C6B00413D9C /* CoffeeListViewModel.swift in Sources */,
				6220821E2BDFBEDA00413D9C /* OTelAuthProvider.swift in Sources */,
				622082222BDFC15800413D9C /* OTelTraces.swift in Sources */,
				622082072BDF9C3300413D9C /* CoffeeListView.swift in Sources */,
				6220822E2BE0DD3700413D9C /* CoffeeBrewingStatus.swift in Sources */,
				622082172BDFB7EB00413D9C /* CoffeeDetailView.swift in Sources */,
				622082242BDFCEA200413D9C /* OTelLogs.swift in Sources */,
				620C811B2BDBB4A800CE2B96 /* ContentView.swift in Sources */,
				6220821C2BDFBE3A00413D9C /* OTelConfig.swift in Sources */,
				622082202BDFC07E00413D9C /* OTelResourceProvider.swift in Sources */,
				620C81192BDBB4A800CE2B96 /* AppO11yDemoApp.swift in Sources */,
				6220822C2BE0CFBA00413D9C /* BrewingCoffeeViewModel.swift in Sources */,
				622082152BDFA46500413D9C /* InjectedValues.swift in Sources */,
				622082262BE0464C00413D9C /* CoffeeDetailViewModel.swift in Sources */,
				6220820D2BDF9C9900413D9C /* Coffee.swift in Sources */,
				622082102BDF9D3000413D9C /* CoffeeService.swift in Sources */,
			);
			runOnlyForDeploymentPostprocessing = 0;
		};
		620C81212BDBB4A900CE2B96 /* Sources */ = {
			isa = PBXSourcesBuildPhase;
			buildActionMask = 2147483647;
			files = (
				620C812A2BDBB4A900CE2B96 /* AppO11yDemoTests.swift in Sources */,
			);
			runOnlyForDeploymentPostprocessing = 0;
		};
		620C812B2BDBB4A900CE2B96 /* Sources */ = {
			isa = PBXSourcesBuildPhase;
			buildActionMask = 2147483647;
			files = (
				620C81342BDBB4A900CE2B96 /* AppO11yDemoUITests.swift in Sources */,
				620C81362BDBB4A900CE2B96 /* AppO11yDemoUITestsLaunchTests.swift in Sources */,
			);
			runOnlyForDeploymentPostprocessing = 0;
		};
/* End PBXSourcesBuildPhase section */

/* Begin PBXTargetDependency section */
		620C81272BDBB4A900CE2B96 /* PBXTargetDependency */ = {
			isa = PBXTargetDependency;
			target = 620C81142BDBB4A800CE2B96 /* AppO11yDemo */;
			targetProxy = 620C81262BDBB4A900CE2B96 /* PBXContainerItemProxy */;
		};
		620C81312BDBB4A900CE2B96 /* PBXTargetDependency */ = {
			isa = PBXTargetDependency;
			target = 620C81142BDBB4A800CE2B96 /* AppO11yDemo */;
			targetProxy = 620C81302BDBB4A900CE2B96 /* PBXContainerItemProxy */;
		};
/* End PBXTargetDependency section */

/* Begin XCBuildConfiguration section */
		620C81372BDBB4A900CE2B96 /* Debug */ = {
			isa = XCBuildConfiguration;
			buildSettings = {
				ALWAYS_SEARCH_USER_PATHS = NO;
				ASSETCATALOG_COMPILER_GENERATE_SWIFT_ASSET_SYMBOL_EXTENSIONS = YES;
				CLANG_ANALYZER_NONNULL = YES;
				CLANG_ANALYZER_NUMBER_OBJECT_CONVERSION = YES_AGGRESSIVE;
				CLANG_CXX_LANGUAGE_STANDARD = "gnu++20";
				CLANG_ENABLE_MODULES = YES;
				CLANG_ENABLE_OBJC_ARC = YES;
				CLANG_ENABLE_OBJC_WEAK = YES;
				CLANG_WARN_BLOCK_CAPTURE_AUTORELEASING = YES;
				CLANG_WARN_BOOL_CONVERSION = YES;
				CLANG_WARN_COMMA = YES;
				CLANG_WARN_CONSTANT_CONVERSION = YES;
				CLANG_WARN_DEPRECATED_OBJC_IMPLEMENTATIONS = YES;
				CLANG_WARN_DIRECT_OBJC_ISA_USAGE = YES_ERROR;
				CLANG_WARN_DOCUMENTATION_COMMENTS = YES;
				CLANG_WARN_EMPTY_BODY = YES;
				CLANG_WARN_ENUM_CONVERSION = YES;
				CLANG_WARN_INFINITE_RECURSION = YES;
				CLANG_WARN_INT_CONVERSION = YES;
				CLANG_WARN_NON_LITERAL_NULL_CONVERSION = YES;
				CLANG_WARN_OBJC_IMPLICIT_RETAIN_SELF = YES;
				CLANG_WARN_OBJC_LITERAL_CONVERSION = YES;
				CLANG_WARN_OBJC_ROOT_CLASS = YES_ERROR;
				CLANG_WARN_QUOTED_INCLUDE_IN_FRAMEWORK_HEADER = YES;
				CLANG_WARN_RANGE_LOOP_ANALYSIS = YES;
				CLANG_WARN_STRICT_PROTOTYPES = YES;
				CLANG_WARN_SUSPICIOUS_MOVE = YES;
				CLANG_WARN_UNGUARDED_AVAILABILITY = YES_AGGRESSIVE;
				CLANG_WARN_UNREACHABLE_CODE = YES;
				CLANG_WARN__DUPLICATE_METHOD_MATCH = YES;
				COPY_PHASE_STRIP = NO;
				DEBUG_INFORMATION_FORMAT = dwarf;
				ENABLE_STRICT_OBJC_MSGSEND = YES;
				ENABLE_TESTABILITY = YES;
				ENABLE_USER_SCRIPT_SANDBOXING = YES;
				GCC_C_LANGUAGE_STANDARD = gnu17;
				GCC_DYNAMIC_NO_PIC = NO;
				GCC_NO_COMMON_BLOCKS = YES;
				GCC_OPTIMIZATION_LEVEL = 0;
				GCC_PREPROCESSOR_DEFINITIONS = (
					"DEBUG=1",
					"$(inherited)",
				);
				GCC_WARN_64_TO_32_BIT_CONVERSION = YES;
				GCC_WARN_ABOUT_RETURN_TYPE = YES_ERROR;
				GCC_WARN_UNDECLARED_SELECTOR = YES;
				GCC_WARN_UNINITIALIZED_AUTOS = YES_AGGRESSIVE;
				GCC_WARN_UNUSED_FUNCTION = YES;
				GCC_WARN_UNUSED_VARIABLE = YES;
				IPHONEOS_DEPLOYMENT_TARGET = 17.4;
				LOCALIZATION_PREFERS_STRING_CATALOGS = YES;
				MTL_ENABLE_DEBUG_INFO = INCLUDE_SOURCE;
				MTL_FAST_MATH = YES;
				ONLY_ACTIVE_ARCH = YES;
				SDKROOT = iphoneos;
				SWIFT_ACTIVE_COMPILATION_CONDITIONS = "DEBUG $(inherited)";
				SWIFT_OPTIMIZATION_LEVEL = "-Onone";
			};
			name = Debug;
		};
		620C81382BDBB4A900CE2B96 /* Release */ = {
			isa = XCBuildConfiguration;
			buildSettings = {
				ALWAYS_SEARCH_USER_PATHS = NO;
				ASSETCATALOG_COMPILER_GENERATE_SWIFT_ASSET_SYMBOL_EXTENSIONS = YES;
				CLANG_ANALYZER_NONNULL = YES;
				CLANG_ANALYZER_NUMBER_OBJECT_CONVERSION = YES_AGGRESSIVE;
				CLANG_CXX_LANGUAGE_STANDARD = "gnu++20";
				CLANG_ENABLE_MODULES = YES;
				CLANG_ENABLE_OBJC_ARC = YES;
				CLANG_ENABLE_OBJC_WEAK = YES;
				CLANG_WARN_BLOCK_CAPTURE_AUTORELEASING = YES;
				CLANG_WARN_BOOL_CONVERSION = YES;
				CLANG_WARN_COMMA = YES;
				CLANG_WARN_CONSTANT_CONVERSION = YES;
				CLANG_WARN_DEPRECATED_OBJC_IMPLEMENTATIONS = YES;
				CLANG_WARN_DIRECT_OBJC_ISA_USAGE = YES_ERROR;
				CLANG_WARN_DOCUMENTATION_COMMENTS = YES;
				CLANG_WARN_EMPTY_BODY = YES;
				CLANG_WARN_ENUM_CONVERSION = YES;
				CLANG_WARN_INFINITE_RECURSION = YES;
				CLANG_WARN_INT_CONVERSION = YES;
				CLANG_WARN_NON_LITERAL_NULL_CONVERSION = YES;
				CLANG_WARN_OBJC_IMPLICIT_RETAIN_SELF = YES;
				CLANG_WARN_OBJC_LITERAL_CONVERSION = YES;
				CLANG_WARN_OBJC_ROOT_CLASS = YES_ERROR;
				CLANG_WARN_QUOTED_INCLUDE_IN_FRAMEWORK_HEADER = YES;
				CLANG_WARN_RANGE_LOOP_ANALYSIS = YES;
				CLANG_WARN_STRICT_PROTOTYPES = YES;
				CLANG_WARN_SUSPICIOUS_MOVE = YES;
				CLANG_WARN_UNGUARDED_AVAILABILITY = YES_AGGRESSIVE;
				CLANG_WARN_UNREACHABLE_CODE = YES;
				CLANG_WARN__DUPLICATE_METHOD_MATCH = YES;
				COPY_PHASE_STRIP = NO;
				DEBUG_INFORMATION_FORMAT = "dwarf-with-dsym";
				ENABLE_NS_ASSERTIONS = NO;
				ENABLE_STRICT_OBJC_MSGSEND = YES;
				ENABLE_USER_SCRIPT_SANDBOXING = YES;
				GCC_C_LANGUAGE_STANDARD = gnu17;
				GCC_NO_COMMON_BLOCKS = YES;
				GCC_WARN_64_TO_32_BIT_CONVERSION = YES;
				GCC_WARN_ABOUT_RETURN_TYPE = YES_ERROR;
				GCC_WARN_UNDECLARED_SELECTOR = YES;
				GCC_WARN_UNINITIALIZED_AUTOS = YES_AGGRESSIVE;
				GCC_WARN_UNUSED_FUNCTION = YES;
				GCC_WARN_UNUSED_VARIABLE = YES;
				IPHONEOS_DEPLOYMENT_TARGET = 17.4;
				LOCALIZATION_PREFERS_STRING_CATALOGS = YES;
				MTL_ENABLE_DEBUG_INFO = NO;
				MTL_FAST_MATH = YES;
				SDKROOT = iphoneos;
				SWIFT_COMPILATION_MODE = wholemodule;
				VALIDATE_PRODUCT = YES;
			};
			name = Release;
		};
		620C813A2BDBB4A900CE2B96 /* Debug */ = {
			isa = XCBuildConfiguration;
			buildSettings = {
				ASSETCATALOG_COMPILER_APPICON_NAME = AppIcon;
				ASSETCATALOG_COMPILER_GLOBAL_ACCENT_COLOR_NAME = AccentColor;
				CODE_SIGN_STYLE = Automatic;
				CURRENT_PROJECT_VERSION = 1;
				DEVELOPMENT_ASSET_PATHS = "\"AppO11yDemo/Preview Content\"";
				DEVELOPMENT_TEAM = CF67NZZ27B;
				ENABLE_PREVIEWS = YES;
				GENERATE_INFOPLIST_FILE = YES;
				INFOPLIST_KEY_UIApplicationSceneManifest_Generation = YES;
				INFOPLIST_KEY_UIApplicationSupportsIndirectInputEvents = YES;
				INFOPLIST_KEY_UILaunchScreen_Generation = YES;
				INFOPLIST_KEY_UISupportedInterfaceOrientations_iPad = "UIInterfaceOrientationPortrait UIInterfaceOrientationPortraitUpsideDown UIInterfaceOrientationLandscapeLeft UIInterfaceOrientationLandscapeRight";
				INFOPLIST_KEY_UISupportedInterfaceOrientations_iPhone = "UIInterfaceOrientationPortrait UIInterfaceOrientationLandscapeLeft UIInterfaceOrientationLandscapeRight";
				LD_RUNPATH_SEARCH_PATHS = (
					"$(inherited)",
					"@executable_path/Frameworks",
				);
				MARKETING_VERSION = 1.0.0;
				PRODUCT_BUNDLE_IDENTIFIER = com.grafana.appo11y.demo.AppO11yDemo;
				PRODUCT_NAME = "$(TARGET_NAME)";
				SWIFT_EMIT_LOC_STRINGS = YES;
				SWIFT_VERSION = 5.0;
				TARGETED_DEVICE_FAMILY = "1,2";
			};
			name = Debug;
		};
		620C813B2BDBB4A900CE2B96 /* Release */ = {
			isa = XCBuildConfiguration;
			buildSettings = {
				ASSETCATALOG_COMPILER_APPICON_NAME = AppIcon;
				ASSETCATALOG_COMPILER_GLOBAL_ACCENT_COLOR_NAME = AccentColor;
				CODE_SIGN_STYLE = Automatic;
				CURRENT_PROJECT_VERSION = 1;
				DEVELOPMENT_ASSET_PATHS = "\"AppO11yDemo/Preview Content\"";
				DEVELOPMENT_TEAM = CF67NZZ27B;
				ENABLE_PREVIEWS = YES;
				GENERATE_INFOPLIST_FILE = YES;
				INFOPLIST_KEY_UIApplicationSceneManifest_Generation = YES;
				INFOPLIST_KEY_UIApplicationSupportsIndirectInputEvents = YES;
				INFOPLIST_KEY_UILaunchScreen_Generation = YES;
				INFOPLIST_KEY_UISupportedInterfaceOrientations_iPad = "UIInterfaceOrientationPortrait UIInterfaceOrientationPortraitUpsideDown UIInterfaceOrientationLandscapeLeft UIInterfaceOrientationLandscapeRight";
				INFOPLIST_KEY_UISupportedInterfaceOrientations_iPhone = "UIInterfaceOrientationPortrait UIInterfaceOrientationLandscapeLeft UIInterfaceOrientationLandscapeRight";
				LD_RUNPATH_SEARCH_PATHS = (
					"$(inherited)",
					"@executable_path/Frameworks",
				);
				MARKETING_VERSION = 1.0.0;
				PRODUCT_BUNDLE_IDENTIFIER = com.grafana.appo11y.demo.AppO11yDemo;
				PRODUCT_NAME = "$(TARGET_NAME)";
				SWIFT_EMIT_LOC_STRINGS = YES;
				SWIFT_VERSION = 5.0;
				TARGETED_DEVICE_FAMILY = "1,2";
			};
			name = Release;
		};
		620C813D2BDBB4A900CE2B96 /* Debug */ = {
			isa = XCBuildConfiguration;
			buildSettings = {
				ALWAYS_EMBED_SWIFT_STANDARD_LIBRARIES = YES;
				BUNDLE_LOADER = "$(TEST_HOST)";
				CODE_SIGN_STYLE = Automatic;
				CURRENT_PROJECT_VERSION = 1;
				DEVELOPMENT_TEAM = CF67NZZ27B;
				GENERATE_INFOPLIST_FILE = YES;
				IPHONEOS_DEPLOYMENT_TARGET = 17.4;
				MARKETING_VERSION = 1.0;
				PRODUCT_BUNDLE_IDENTIFIER = com.grafana.appo11y.demo.AppO11yDemoTests;
				PRODUCT_NAME = "$(TARGET_NAME)";
				SWIFT_EMIT_LOC_STRINGS = NO;
				SWIFT_VERSION = 5.0;
				TARGETED_DEVICE_FAMILY = "1,2";
				TEST_HOST = "$(BUILT_PRODUCTS_DIR)/AppO11yDemo.app/$(BUNDLE_EXECUTABLE_FOLDER_PATH)/AppO11yDemo";
			};
			name = Debug;
		};
		620C813E2BDBB4A900CE2B96 /* Release */ = {
			isa = XCBuildConfiguration;
			buildSettings = {
				ALWAYS_EMBED_SWIFT_STANDARD_LIBRARIES = YES;
				BUNDLE_LOADER = "$(TEST_HOST)";
				CODE_SIGN_STYLE = Automatic;
				CURRENT_PROJECT_VERSION = 1;
				DEVELOPMENT_TEAM = CF67NZZ27B;
				GENERATE_INFOPLIST_FILE = YES;
				IPHONEOS_DEPLOYMENT_TARGET = 17.4;
				MARKETING_VERSION = 1.0;
				PRODUCT_BUNDLE_IDENTIFIER = com.grafana.appo11y.demo.AppO11yDemoTests;
				PRODUCT_NAME = "$(TARGET_NAME)";
				SWIFT_EMIT_LOC_STRINGS = NO;
				SWIFT_VERSION = 5.0;
				TARGETED_DEVICE_FAMILY = "1,2";
				TEST_HOST = "$(BUILT_PRODUCTS_DIR)/AppO11yDemo.app/$(BUNDLE_EXECUTABLE_FOLDER_PATH)/AppO11yDemo";
			};
			name = Release;
		};
		620C81402BDBB4A900CE2B96 /* Debug */ = {
			isa = XCBuildConfiguration;
			buildSettings = {
				ALWAYS_EMBED_SWIFT_STANDARD_LIBRARIES = YES;
				CODE_SIGN_STYLE = Automatic;
				CURRENT_PROJECT_VERSION = 1;
				DEVELOPMENT_TEAM = CF67NZZ27B;
				GENERATE_INFOPLIST_FILE = YES;
				MARKETING_VERSION = 1.0;
				PRODUCT_BUNDLE_IDENTIFIER = com.grafana.appo11y.demo.AppO11yDemoUITests;
				PRODUCT_NAME = "$(TARGET_NAME)";
				SWIFT_EMIT_LOC_STRINGS = NO;
				SWIFT_VERSION = 5.0;
				TARGETED_DEVICE_FAMILY = "1,2";
				TEST_TARGET_NAME = AppO11yDemo;
			};
			name = Debug;
		};
		620C81412BDBB4A900CE2B96 /* Release */ = {
			isa = XCBuildConfiguration;
			buildSettings = {
				ALWAYS_EMBED_SWIFT_STANDARD_LIBRARIES = YES;
				CODE_SIGN_STYLE = Automatic;
				CURRENT_PROJECT_VERSION = 1;
				DEVELOPMENT_TEAM = CF67NZZ27B;
				GENERATE_INFOPLIST_FILE = YES;
				MARKETING_VERSION = 1.0;
				PRODUCT_BUNDLE_IDENTIFIER = com.grafana.appo11y.demo.AppO11yDemoUITests;
				PRODUCT_NAME = "$(TARGET_NAME)";
				SWIFT_EMIT_LOC_STRINGS = NO;
				SWIFT_VERSION = 5.0;
				TARGETED_DEVICE_FAMILY = "1,2";
				TEST_TARGET_NAME = AppO11yDemo;
			};
			name = Release;
		};
/* End XCBuildConfiguration section */

/* Begin XCConfigurationList section */
		620C81102BDBB4A800CE2B96 /* Build configuration list for PBXProject "AppO11yDemo" */ = {
			isa = XCConfigurationList;
			buildConfigurations = (
				620C81372BDBB4A900CE2B96 /* Debug */,
				620C81382BDBB4A900CE2B96 /* Release */,
			);
			defaultConfigurationIsVisible = 0;
			defaultConfigurationName = Release;
		};
		620C81392BDBB4A900CE2B96 /* Build configuration list for PBXNativeTarget "AppO11yDemo" */ = {
			isa = XCConfigurationList;
			buildConfigurations = (
				620C813A2BDBB4A900CE2B96 /* Debug */,
				620C813B2BDBB4A900CE2B96 /* Release */,
			);
			defaultConfigurationIsVisible = 0;
			defaultConfigurationName = Release;
		};
		620C813C2BDBB4A900CE2B96 /* Build configuration list for PBXNativeTarget "AppO11yDemoTests" */ = {
			isa = XCConfigurationList;
			buildConfigurations = (
				620C813D2BDBB4A900CE2B96 /* Debug */,
				620C813E2BDBB4A900CE2B96 /* Release */,
			);
			defaultConfigurationIsVisible = 0;
			defaultConfigurationName = Release;
		};
		620C813F2BDBB4A900CE2B96 /* Build configuration list for PBXNativeTarget "AppO11yDemoUITests" */ = {
			isa = XCConfigurationList;
			buildConfigurations = (
				620C81402BDBB4A900CE2B96 /* Debug */,
				620C81412BDBB4A900CE2B96 /* Release */,
			);
			defaultConfigurationIsVisible = 0;
			defaultConfigurationName = Release;
		};
/* End XCConfigurationList section */

/* Begin XCRemoteSwiftPackageReference section */
		622081F72BDF6B3600413D9C /* XCRemoteSwiftPackageReference "opentelemetry-swift" */ = {
			isa = XCRemoteSwiftPackageReference;
			repositoryURL = "https://github.com/open-telemetry/opentelemetry-swift";
			requirement = {
				kind = upToNextMajorVersion;
				minimumVersion = 1.9.2;
			};
		};
/* End XCRemoteSwiftPackageReference section */

/* Begin XCSwiftPackageProductDependency section */
		622081F82BDF6B3600413D9C /* OpenTelemetryApi */ = {
			isa = XCSwiftPackageProductDependency;
			package = 622081F72BDF6B3600413D9C /* XCRemoteSwiftPackageReference "opentelemetry-swift" */;
			productName = OpenTelemetryApi;
		};
		622081FA2BDF6B3700413D9C /* OpenTelemetryProtocolExporterHTTP */ = {
			isa = XCSwiftPackageProductDependency;
			package = 622081F72BDF6B3600413D9C /* XCRemoteSwiftPackageReference "opentelemetry-swift" */;
			productName = OpenTelemetryProtocolExporterHTTP;
		};
		622081FC2BDF6B3700413D9C /* OpenTelemetrySdk */ = {
			isa = XCSwiftPackageProductDependency;
			package = 622081F72BDF6B3600413D9C /* XCRemoteSwiftPackageReference "opentelemetry-swift" */;
			productName = OpenTelemetrySdk;
		};
		622081FE2BDF6B3700413D9C /* ResourceExtension */ = {
			isa = XCSwiftPackageProductDependency;
			package = 622081F72BDF6B3600413D9C /* XCRemoteSwiftPackageReference "opentelemetry-swift" */;
			productName = ResourceExtension;
		};
		622082002BDF6B3700413D9C /* StdoutExporter */ = {
			isa = XCSwiftPackageProductDependency;
			package = 622081F72BDF6B3600413D9C /* XCRemoteSwiftPackageReference "opentelemetry-swift" */;
			productName = StdoutExporter;
		};
		622082022BDF6B3700413D9C /* URLSessionInstrumentation */ = {
			isa = XCSwiftPackageProductDependency;
			package = 622081F72BDF6B3600413D9C /* XCRemoteSwiftPackageReference "opentelemetry-swift" */;
			productName = URLSessionInstrumentation;
		};
/* End XCSwiftPackageProductDependency section */
	};
	rootObject = 620C810D2BDBB4A800CE2B96 /* Project object */;
}
